// !$*UTF8*$!
{
	archiveVersion = 1;
	classes = {
	};
	objectVersion = 46;
	objects = {

/* Begin PBXBuildFile section */
		353CC1E250EAD645E912FFB1 /* libPods-Thermal.a in Frameworks */ = {isa = PBXBuildFile; fileRef = BEC6DAEABAF896DD8ABD8F66 /* libPods-Thermal.a */; };
		63508D351C62863800CD23D0 /* main.m in Sources */ = {isa = PBXBuildFile; fileRef = 63508D341C62863800CD23D0 /* main.m */; };
		63508D381C62863800CD23D0 /* AppDelegate.m in Sources */ = {isa = PBXBuildFile; fileRef = 63508D371C62863800CD23D0 /* AppDelegate.m */; };
		63508D3E1C62863800CD23D0 /* Main.storyboard in Resources */ = {isa = PBXBuildFile; fileRef = 63508D3C1C62863800CD23D0 /* Main.storyboard */; };
		63508D411C62863800CD23D0 /* Thermal.xcdatamodeld in Sources */ = {isa = PBXBuildFile; fileRef = 63508D3F1C62863800CD23D0 /* Thermal.xcdatamodeld */; };
		63508D431C62863800CD23D0 /* Assets.xcassets in Resources */ = {isa = PBXBuildFile; fileRef = 63508D421C62863800CD23D0 /* Assets.xcassets */; };
		63508D461C62863800CD23D0 /* LaunchScreen.storyboard in Resources */ = {isa = PBXBuildFile; fileRef = 63508D441C62863800CD23D0 /* LaunchScreen.storyboard */; };
		63508D551C6293F100CD23D0 /* THInstalacionesTableViewController.m in Sources */ = {isa = PBXBuildFile; fileRef = 63508D541C6293F100CD23D0 /* THInstalacionesTableViewController.m */; };
		63508D5C1C63874B00CD23D0 /* THInstalacionFomViewController.m in Sources */ = {isa = PBXBuildFile; fileRef = 63508D5B1C63874B00CD23D0 /* THInstalacionFomViewController.m */; };
		63508D6B1C63885500CD23D0 /* THInstalacionForm.m in Sources */ = {isa = PBXBuildFile; fileRef = 63508D6A1C63885500CD23D0 /* THInstalacionForm.m */; };
		63508D891C63B96400CD23D0 /* THInstalacionDetalleTableViewController.m in Sources */ = {isa = PBXBuildFile; fileRef = 63508D881C63B96400CD23D0 /* THInstalacionDetalleTableViewController.m */; };
		63508DBC1C63C17A00CD23D0 /* THEquipoCondicionTermica+CoreDataProperties.m in Sources */ = {isa = PBXBuildFile; fileRef = 63508DA91C63C17A00CD23D0 /* THEquipoCondicionTermica+CoreDataProperties.m */; };
		63508DBD1C63C17A00CD23D0 /* THEquipoCondicionTermica.m in Sources */ = {isa = PBXBuildFile; fileRef = 63508DAB1C63C17A00CD23D0 /* THEquipoCondicionTermica.m */; };
		63508DBE1C63C17A00CD23D0 /* THInstalacion+CoreDataProperties.m in Sources */ = {isa = PBXBuildFile; fileRef = 63508DAD1C63C17A00CD23D0 /* THInstalacion+CoreDataProperties.m */; };
		63508DBF1C63C17A00CD23D0 /* THInstalacion.m in Sources */ = {isa = PBXBuildFile; fileRef = 63508DAF1C63C17A00CD23D0 /* THInstalacion.m */; };
		63508DC01C63C17A00CD23D0 /* THEquipo+CoreDataProperties.m in Sources */ = {isa = PBXBuildFile; fileRef = 63508DB11C63C17A00CD23D0 /* THEquipo+CoreDataProperties.m */; };
		63508DC11C63C17A00CD23D0 /* THEquipo.m in Sources */ = {isa = PBXBuildFile; fileRef = 63508DB31C63C17A00CD23D0 /* THEquipo.m */; };
		63508DC81C63CB4E00CD23D0 /* THEquipoTableViewCell.m in Sources */ = {isa = PBXBuildFile; fileRef = 63508DC71C63CB4E00CD23D0 /* THEquipoTableViewCell.m */; };
		63508DCE1C63D51B00CD23D0 /* THEquipoFormViewController.m in Sources */ = {isa = PBXBuildFile; fileRef = 63508DCD1C63D51B00CD23D0 /* THEquipoFormViewController.m */; };
		63508DD11C63DA4200CD23D0 /* THEquipoForm.m in Sources */ = {isa = PBXBuildFile; fileRef = 63508DD01C63DA4200CD23D0 /* THEquipoForm.m */; };
		63508DD41C64121400CD23D0 /* THEquipoCondicionTermicaTableViewController.m in Sources */ = {isa = PBXBuildFile; fileRef = 63508DD31C64121400CD23D0 /* THEquipoCondicionTermicaTableViewController.m */; };
		63508DD71C64196400CD23D0 /* THEquipoCondicionTermicaForm.m in Sources */ = {isa = PBXBuildFile; fileRef = 63508DD61C64196400CD23D0 /* THEquipoCondicionTermicaForm.m */; };
		63508DDA1C6419F600CD23D0 /* THEquipoCondicionTermicaViewController.m in Sources */ = {isa = PBXBuildFile; fileRef = 63508DD91C6419F600CD23D0 /* THEquipoCondicionTermicaViewController.m */; };
		636896811C66C35E008AF28B /* THEquipoTableViewController.m in Sources */ = {isa = PBXBuildFile; fileRef = 636896801C66C35E008AF28B /* THEquipoTableViewController.m */; };
		63856E3F1C6788FF005873C5 /* THEquipoImagenTableViewCell.m in Sources */ = {isa = PBXBuildFile; fileRef = 63856E3E1C6788FF005873C5 /* THEquipoImagenTableViewCell.m */; };
		63856E421C6789E3005873C5 /* THEquipoImagenCollectionView.m in Sources */ = {isa = PBXBuildFile; fileRef = 63856E411C6789E3005873C5 /* THEquipoImagenCollectionView.m */; };
		63856E451C68DABE005873C5 /* THEquipoImagenCollectionViewCell.m in Sources */ = {isa = PBXBuildFile; fileRef = 63856E441C68DABE005873C5 /* THEquipoImagenCollectionViewCell.m */; };
		63856E481C68DF52005873C5 /* THImagenTransformer.m in Sources */ = {isa = PBXBuildFile; fileRef = 63856E471C68DF52005873C5 /* THImagenTransformer.m */; };
		63856E541C68EC6E005873C5 /* THImagenTermica+CoreDataProperties.m in Sources */ = {isa = PBXBuildFile; fileRef = 63856E4D1C68EC6E005873C5 /* THImagenTermica+CoreDataProperties.m */; };
		63856E551C68EC6E005873C5 /* THImagenTermica.m in Sources */ = {isa = PBXBuildFile; fileRef = 63856E4F1C68EC6E005873C5 /* THImagenTermica.m */; };
		63856E561C68EC6E005873C5 /* THImagenNormal+CoreDataProperties.m in Sources */ = {isa = PBXBuildFile; fileRef = 63856E511C68EC6E005873C5 /* THImagenNormal+CoreDataProperties.m */; };
		63856E571C68EC6E005873C5 /* THImagenNormal.m in Sources */ = {isa = PBXBuildFile; fileRef = 63856E531C68EC6E005873C5 /* THImagenNormal.m */; };
		63856E5D1C68FCD2005873C5 /* THEquipoImagenTermicaTableViewCell.m in Sources */ = {isa = PBXBuildFile; fileRef = 63856E5C1C68FCD2005873C5 /* THEquipoImagenTermicaTableViewCell.m */; };
		63856E601C690150005873C5 /* THEquipoImagenTermicaCollectionView.m in Sources */ = {isa = PBXBuildFile; fileRef = 63856E5F1C690150005873C5 /* THEquipoImagenTermicaCollectionView.m */; };
		63856E631C690264005873C5 /* THEquipoImagenTermicaCollectionViewCell.m in Sources */ = {isa = PBXBuildFile; fileRef = 63856E621C690264005873C5 /* THEquipoImagenTermicaCollectionViewCell.m */; };
		63856E661C6916E2005873C5 /* THImagenViewController.m in Sources */ = {isa = PBXBuildFile; fileRef = 63856E651C6916E2005873C5 /* THImagenViewController.m */; };
		63856E691C692217005873C5 /* THEditarEquipoCondicionTermicaTableViewController.m in Sources */ = {isa = PBXBuildFile; fileRef = 63856E681C692217005873C5 /* THEditarEquipoCondicionTermicaTableViewController.m */; };
/* End PBXBuildFile section */

/* Begin PBXFileReference section */
		0A57CE4EC525B25C2D5AEB27 /* Pods-Thermal.release.xcconfig */ = {isa = PBXFileReference; includeInIndex = 1; lastKnownFileType = text.xcconfig; name = "Pods-Thermal.release.xcconfig"; path = "Pods/Target Support Files/Pods-Thermal/Pods-Thermal.release.xcconfig"; sourceTree = "<group>"; };
		63508D301C62863800CD23D0 /* Thermal.app */ = {isa = PBXFileReference; explicitFileType = wrapper.application; includeInIndex = 0; path = Thermal.app; sourceTree = BUILT_PRODUCTS_DIR; };
		63508D341C62863800CD23D0 /* main.m */ = {isa = PBXFileReference; lastKnownFileType = sourcecode.c.objc; path = main.m; sourceTree = "<group>"; };
		63508D361C62863800CD23D0 /* AppDelegate.h */ = {isa = PBXFileReference; lastKnownFileType = sourcecode.c.h; path = AppDelegate.h; sourceTree = "<group>"; };
		63508D371C62863800CD23D0 /* AppDelegate.m */ = {isa = PBXFileReference; lastKnownFileType = sourcecode.c.objc; path = AppDelegate.m; sourceTree = "<group>"; };
		63508D3D1C62863800CD23D0 /* Base */ = {isa = PBXFileReference; lastKnownFileType = file.storyboard; name = Base; path = Base.lproj/Main.storyboard; sourceTree = "<group>"; };
		63508D401C62863800CD23D0 /* Thermal.xcdatamodel */ = {isa = PBXFileReference; lastKnownFileType = wrapper.xcdatamodel; path = Thermal.xcdatamodel; sourceTree = "<group>"; };
		63508D421C62863800CD23D0 /* Assets.xcassets */ = {isa = PBXFileReference; lastKnownFileType = folder.assetcatalog; path = Assets.xcassets; sourceTree = "<group>"; };
		63508D451C62863800CD23D0 /* Base */ = {isa = PBXFileReference; lastKnownFileType = file.storyboard; name = Base; path = Base.lproj/LaunchScreen.storyboard; sourceTree = "<group>"; };
		63508D471C62863800CD23D0 /* Info.plist */ = {isa = PBXFileReference; lastKnownFileType = text.plist.xml; path = Info.plist; sourceTree = "<group>"; };
		63508D501C628D5E00CD23D0 /* Thermal-Prefix.pch */ = {isa = PBXFileReference; lastKnownFileType = sourcecode.c.h; path = "Thermal-Prefix.pch"; sourceTree = "<group>"; };
		63508D521C628DA200CD23D0 /* THApi.h */ = {isa = PBXFileReference; lastKnownFileType = sourcecode.c.h; path = THApi.h; sourceTree = "<group>"; };
		63508D531C6293F100CD23D0 /* THInstalacionesTableViewController.h */ = {isa = PBXFileReference; fileEncoding = 4; lastKnownFileType = sourcecode.c.h; path = THInstalacionesTableViewController.h; sourceTree = "<group>"; };
		63508D541C6293F100CD23D0 /* THInstalacionesTableViewController.m */ = {isa = PBXFileReference; fileEncoding = 4; lastKnownFileType = sourcecode.c.objc; path = THInstalacionesTableViewController.m; sourceTree = "<group>"; };
		63508D5A1C63874B00CD23D0 /* THInstalacionFomViewController.h */ = {isa = PBXFileReference; fileEncoding = 4; lastKnownFileType = sourcecode.c.h; path = THInstalacionFomViewController.h; sourceTree = "<group>"; };
		63508D5B1C63874B00CD23D0 /* THInstalacionFomViewController.m */ = {isa = PBXFileReference; fileEncoding = 4; lastKnownFileType = sourcecode.c.objc; path = THInstalacionFomViewController.m; sourceTree = "<group>"; };
		63508D691C63885500CD23D0 /* THInstalacionForm.h */ = {isa = PBXFileReference; fileEncoding = 4; lastKnownFileType = sourcecode.c.h; path = THInstalacionForm.h; sourceTree = "<group>"; };
		63508D6A1C63885500CD23D0 /* THInstalacionForm.m */ = {isa = PBXFileReference; fileEncoding = 4; lastKnownFileType = sourcecode.c.objc; path = THInstalacionForm.m; sourceTree = "<group>"; };
		63508D871C63B96300CD23D0 /* THInstalacionDetalleTableViewController.h */ = {isa = PBXFileReference; fileEncoding = 4; lastKnownFileType = sourcecode.c.h; path = THInstalacionDetalleTableViewController.h; sourceTree = "<group>"; };
		63508D881C63B96400CD23D0 /* THInstalacionDetalleTableViewController.m */ = {isa = PBXFileReference; fileEncoding = 4; lastKnownFileType = sourcecode.c.objc; path = THInstalacionDetalleTableViewController.m; sourceTree = "<group>"; };
		63508DA81C63C17A00CD23D0 /* THEquipoCondicionTermica+CoreDataProperties.h */ = {isa = PBXFileReference; fileEncoding = 4; lastKnownFileType = sourcecode.c.h; path = "THEquipoCondicionTermica+CoreDataProperties.h"; sourceTree = "<group>"; };
		63508DA91C63C17A00CD23D0 /* THEquipoCondicionTermica+CoreDataProperties.m */ = {isa = PBXFileReference; fileEncoding = 4; lastKnownFileType = sourcecode.c.objc; path = "THEquipoCondicionTermica+CoreDataProperties.m"; sourceTree = "<group>"; };
		63508DAA1C63C17A00CD23D0 /* THEquipoCondicionTermica.h */ = {isa = PBXFileReference; fileEncoding = 4; lastKnownFileType = sourcecode.c.h; path = THEquipoCondicionTermica.h; sourceTree = "<group>"; };
		63508DAB1C63C17A00CD23D0 /* THEquipoCondicionTermica.m */ = {isa = PBXFileReference; fileEncoding = 4; lastKnownFileType = sourcecode.c.objc; path = THEquipoCondicionTermica.m; sourceTree = "<group>"; };
		63508DAC1C63C17A00CD23D0 /* THInstalacion+CoreDataProperties.h */ = {isa = PBXFileReference; fileEncoding = 4; lastKnownFileType = sourcecode.c.h; path = "THInstalacion+CoreDataProperties.h"; sourceTree = "<group>"; };
		63508DAD1C63C17A00CD23D0 /* THInstalacion+CoreDataProperties.m */ = {isa = PBXFileReference; fileEncoding = 4; lastKnownFileType = sourcecode.c.objc; path = "THInstalacion+CoreDataProperties.m"; sourceTree = "<group>"; };
		63508DAE1C63C17A00CD23D0 /* THInstalacion.h */ = {isa = PBXFileReference; fileEncoding = 4; lastKnownFileType = sourcecode.c.h; path = THInstalacion.h; sourceTree = "<group>"; };
		63508DAF1C63C17A00CD23D0 /* THInstalacion.m */ = {isa = PBXFileReference; fileEncoding = 4; lastKnownFileType = sourcecode.c.objc; path = THInstalacion.m; sourceTree = "<group>"; };
		63508DB01C63C17A00CD23D0 /* THEquipo+CoreDataProperties.h */ = {isa = PBXFileReference; fileEncoding = 4; lastKnownFileType = sourcecode.c.h; path = "THEquipo+CoreDataProperties.h"; sourceTree = "<group>"; };
		63508DB11C63C17A00CD23D0 /* THEquipo+CoreDataProperties.m */ = {isa = PBXFileReference; fileEncoding = 4; lastKnownFileType = sourcecode.c.objc; path = "THEquipo+CoreDataProperties.m"; sourceTree = "<group>"; };
		63508DB21C63C17A00CD23D0 /* THEquipo.h */ = {isa = PBXFileReference; fileEncoding = 4; lastKnownFileType = sourcecode.c.h; path = THEquipo.h; sourceTree = "<group>"; };
		63508DB31C63C17A00CD23D0 /* THEquipo.m */ = {isa = PBXFileReference; fileEncoding = 4; lastKnownFileType = sourcecode.c.objc; path = THEquipo.m; sourceTree = "<group>"; };
		63508DC61C63CB4E00CD23D0 /* THEquipoTableViewCell.h */ = {isa = PBXFileReference; fileEncoding = 4; lastKnownFileType = sourcecode.c.h; path = THEquipoTableViewCell.h; sourceTree = "<group>"; };
		63508DC71C63CB4E00CD23D0 /* THEquipoTableViewCell.m */ = {isa = PBXFileReference; fileEncoding = 4; lastKnownFileType = sourcecode.c.objc; path = THEquipoTableViewCell.m; sourceTree = "<group>"; };
		63508DCC1C63D51B00CD23D0 /* THEquipoFormViewController.h */ = {isa = PBXFileReference; fileEncoding = 4; lastKnownFileType = sourcecode.c.h; path = THEquipoFormViewController.h; sourceTree = "<group>"; };
		63508DCD1C63D51B00CD23D0 /* THEquipoFormViewController.m */ = {isa = PBXFileReference; fileEncoding = 4; lastKnownFileType = sourcecode.c.objc; path = THEquipoFormViewController.m; sourceTree = "<group>"; };
		63508DCF1C63DA4200CD23D0 /* THEquipoForm.h */ = {isa = PBXFileReference; fileEncoding = 4; lastKnownFileType = sourcecode.c.h; path = THEquipoForm.h; sourceTree = "<group>"; };
		63508DD01C63DA4200CD23D0 /* THEquipoForm.m */ = {isa = PBXFileReference; fileEncoding = 4; lastKnownFileType = sourcecode.c.objc; path = THEquipoForm.m; sourceTree = "<group>"; };
		63508DD21C64121400CD23D0 /* THEquipoCondicionTermicaTableViewController.h */ = {isa = PBXFileReference; fileEncoding = 4; lastKnownFileType = sourcecode.c.h; path = THEquipoCondicionTermicaTableViewController.h; sourceTree = "<group>"; };
		63508DD31C64121400CD23D0 /* THEquipoCondicionTermicaTableViewController.m */ = {isa = PBXFileReference; fileEncoding = 4; lastKnownFileType = sourcecode.c.objc; path = THEquipoCondicionTermicaTableViewController.m; sourceTree = "<group>"; };
		63508DD51C64196400CD23D0 /* THEquipoCondicionTermicaForm.h */ = {isa = PBXFileReference; fileEncoding = 4; lastKnownFileType = sourcecode.c.h; path = THEquipoCondicionTermicaForm.h; sourceTree = "<group>"; };
		63508DD61C64196400CD23D0 /* THEquipoCondicionTermicaForm.m */ = {isa = PBXFileReference; fileEncoding = 4; lastKnownFileType = sourcecode.c.objc; path = THEquipoCondicionTermicaForm.m; sourceTree = "<group>"; };
		63508DD81C6419F600CD23D0 /* THEquipoCondicionTermicaViewController.h */ = {isa = PBXFileReference; fileEncoding = 4; lastKnownFileType = sourcecode.c.h; path = THEquipoCondicionTermicaViewController.h; sourceTree = "<group>"; };
		63508DD91C6419F600CD23D0 /* THEquipoCondicionTermicaViewController.m */ = {isa = PBXFileReference; fileEncoding = 4; lastKnownFileType = sourcecode.c.objc; path = THEquipoCondicionTermicaViewController.m; sourceTree = "<group>"; };
		6368967F1C66C35E008AF28B /* THEquipoTableViewController.h */ = {isa = PBXFileReference; fileEncoding = 4; lastKnownFileType = sourcecode.c.h; path = THEquipoTableViewController.h; sourceTree = "<group>"; };
		636896801C66C35E008AF28B /* THEquipoTableViewController.m */ = {isa = PBXFileReference; fileEncoding = 4; lastKnownFileType = sourcecode.c.objc; path = THEquipoTableViewController.m; sourceTree = "<group>"; };
		63856E3D1C6788FF005873C5 /* THEquipoImagenTableViewCell.h */ = {isa = PBXFileReference; fileEncoding = 4; lastKnownFileType = sourcecode.c.h; path = THEquipoImagenTableViewCell.h; sourceTree = "<group>"; };
		63856E3E1C6788FF005873C5 /* THEquipoImagenTableViewCell.m */ = {isa = PBXFileReference; fileEncoding = 4; lastKnownFileType = sourcecode.c.objc; path = THEquipoImagenTableViewCell.m; sourceTree = "<group>"; };
		63856E401C6789E3005873C5 /* THEquipoImagenCollectionView.h */ = {isa = PBXFileReference; fileEncoding = 4; lastKnownFileType = sourcecode.c.h; path = THEquipoImagenCollectionView.h; sourceTree = "<group>"; };
		63856E411C6789E3005873C5 /* THEquipoImagenCollectionView.m */ = {isa = PBXFileReference; fileEncoding = 4; lastKnownFileType = sourcecode.c.objc; path = THEquipoImagenCollectionView.m; sourceTree = "<group>"; };
		63856E431C68DABE005873C5 /* THEquipoImagenCollectionViewCell.h */ = {isa = PBXFileReference; fileEncoding = 4; lastKnownFileType = sourcecode.c.h; path = THEquipoImagenCollectionViewCell.h; sourceTree = "<group>"; };
		63856E441C68DABE005873C5 /* THEquipoImagenCollectionViewCell.m */ = {isa = PBXFileReference; fileEncoding = 4; lastKnownFileType = sourcecode.c.objc; path = THEquipoImagenCollectionViewCell.m; sourceTree = "<group>"; };
		63856E461C68DF52005873C5 /* THImagenTransformer.h */ = {isa = PBXFileReference; fileEncoding = 4; lastKnownFileType = sourcecode.c.h; path = THImagenTransformer.h; sourceTree = "<group>"; };
		63856E471C68DF52005873C5 /* THImagenTransformer.m */ = {isa = PBXFileReference; fileEncoding = 4; lastKnownFileType = sourcecode.c.objc; path = THImagenTransformer.m; sourceTree = "<group>"; };
		63856E4C1C68EC6E005873C5 /* THImagenTermica+CoreDataProperties.h */ = {isa = PBXFileReference; fileEncoding = 4; lastKnownFileType = sourcecode.c.h; path = "THImagenTermica+CoreDataProperties.h"; sourceTree = "<group>"; };
		63856E4D1C68EC6E005873C5 /* THImagenTermica+CoreDataProperties.m */ = {isa = PBXFileReference; fileEncoding = 4; lastKnownFileType = sourcecode.c.objc; path = "THImagenTermica+CoreDataProperties.m"; sourceTree = "<group>"; };
		63856E4E1C68EC6E005873C5 /* THImagenTermica.h */ = {isa = PBXFileReference; fileEncoding = 4; lastKnownFileType = sourcecode.c.h; path = THImagenTermica.h; sourceTree = "<group>"; };
		63856E4F1C68EC6E005873C5 /* THImagenTermica.m */ = {isa = PBXFileReference; fileEncoding = 4; lastKnownFileType = sourcecode.c.objc; path = THImagenTermica.m; sourceTree = "<group>"; };
		63856E501C68EC6E005873C5 /* THImagenNormal+CoreDataProperties.h */ = {isa = PBXFileReference; fileEncoding = 4; lastKnownFileType = sourcecode.c.h; path = "THImagenNormal+CoreDataProperties.h"; sourceTree = "<group>"; };
		63856E511C68EC6E005873C5 /* THImagenNormal+CoreDataProperties.m */ = {isa = PBXFileReference; fileEncoding = 4; lastKnownFileType = sourcecode.c.objc; path = "THImagenNormal+CoreDataProperties.m"; sourceTree = "<group>"; };
		63856E521C68EC6E005873C5 /* THImagenNormal.h */ = {isa = PBXFileReference; fileEncoding = 4; lastKnownFileType = sourcecode.c.h; path = THImagenNormal.h; sourceTree = "<group>"; };
		63856E531C68EC6E005873C5 /* THImagenNormal.m */ = {isa = PBXFileReference; fileEncoding = 4; lastKnownFileType = sourcecode.c.objc; path = THImagenNormal.m; sourceTree = "<group>"; };
		63856E5B1C68FCD2005873C5 /* THEquipoImagenTermicaTableViewCell.h */ = {isa = PBXFileReference; fileEncoding = 4; lastKnownFileType = sourcecode.c.h; path = THEquipoImagenTermicaTableViewCell.h; sourceTree = "<group>"; };
		63856E5C1C68FCD2005873C5 /* THEquipoImagenTermicaTableViewCell.m */ = {isa = PBXFileReference; fileEncoding = 4; lastKnownFileType = sourcecode.c.objc; path = THEquipoImagenTermicaTableViewCell.m; sourceTree = "<group>"; };
		63856E5E1C690150005873C5 /* THEquipoImagenTermicaCollectionView.h */ = {isa = PBXFileReference; fileEncoding = 4; lastKnownFileType = sourcecode.c.h; path = THEquipoImagenTermicaCollectionView.h; sourceTree = "<group>"; };
		63856E5F1C690150005873C5 /* THEquipoImagenTermicaCollectionView.m */ = {isa = PBXFileReference; fileEncoding = 4; lastKnownFileType = sourcecode.c.objc; path = THEquipoImagenTermicaCollectionView.m; sourceTree = "<group>"; };
		63856E611C690264005873C5 /* THEquipoImagenTermicaCollectionViewCell.h */ = {isa = PBXFileReference; fileEncoding = 4; lastKnownFileType = sourcecode.c.h; path = THEquipoImagenTermicaCollectionViewCell.h; sourceTree = "<group>"; };
		63856E621C690264005873C5 /* THEquipoImagenTermicaCollectionViewCell.m */ = {isa = PBXFileReference; fileEncoding = 4; lastKnownFileType = sourcecode.c.objc; path = THEquipoImagenTermicaCollectionViewCell.m; sourceTree = "<group>"; };
		63856E641C6916E2005873C5 /* THImagenViewController.h */ = {isa = PBXFileReference; fileEncoding = 4; lastKnownFileType = sourcecode.c.h; path = THImagenViewController.h; sourceTree = "<group>"; };
		63856E651C6916E2005873C5 /* THImagenViewController.m */ = {isa = PBXFileReference; fileEncoding = 4; lastKnownFileType = sourcecode.c.objc; path = THImagenViewController.m; sourceTree = "<group>"; };
		63856E671C692217005873C5 /* THEditarEquipoCondicionTermicaTableViewController.h */ = {isa = PBXFileReference; fileEncoding = 4; lastKnownFileType = sourcecode.c.h; path = THEditarEquipoCondicionTermicaTableViewController.h; sourceTree = "<group>"; };
		63856E681C692217005873C5 /* THEditarEquipoCondicionTermicaTableViewController.m */ = {isa = PBXFileReference; fileEncoding = 4; lastKnownFileType = sourcecode.c.objc; path = THEditarEquipoCondicionTermicaTableViewController.m; sourceTree = "<group>"; };
		BEC6DAEABAF896DD8ABD8F66 /* libPods-Thermal.a */ = {isa = PBXFileReference; explicitFileType = archive.ar; includeInIndex = 0; path = "libPods-Thermal.a"; sourceTree = BUILT_PRODUCTS_DIR; };
		EFCFEFCD52A4F4012EAB434D /* Pods-Thermal.debug.xcconfig */ = {isa = PBXFileReference; includeInIndex = 1; lastKnownFileType = text.xcconfig; name = "Pods-Thermal.debug.xcconfig"; path = "Pods/Target Support Files/Pods-Thermal/Pods-Thermal.debug.xcconfig"; sourceTree = "<group>"; };
/* End PBXFileReference section */

/* Begin PBXFrameworksBuildPhase section */
		63508D2D1C62863800CD23D0 /* Frameworks */ = {
			isa = PBXFrameworksBuildPhase;
			buildActionMask = 2147483647;
			files = (
				353CC1E250EAD645E912FFB1 /* libPods-Thermal.a in Frameworks */,
			);
			runOnlyForDeploymentPostprocessing = 0;
		};
/* End PBXFrameworksBuildPhase section */

/* Begin PBXGroup section */
		466F5B10A239FF1DC06C921C /* Frameworks */ = {
			isa = PBXGroup;
			children = (
				BEC6DAEABAF896DD8ABD8F66 /* libPods-Thermal.a */,
			);
			name = Frameworks;
			sourceTree = "<group>";
		};
		63508D271C62863800CD23D0 = {
			isa = PBXGroup;
			children = (
				63508D321C62863800CD23D0 /* Thermal */,
				63508D311C62863800CD23D0 /* Products */,
				9EE2A71842F52AFDBB9F499A /* Pods */,
				466F5B10A239FF1DC06C921C /* Frameworks */,
			);
			sourceTree = "<group>";
		};
		63508D311C62863800CD23D0 /* Products */ = {
			isa = PBXGroup;
			children = (
				63508D301C62863800CD23D0 /* Thermal.app */,
			);
			name = Products;
			sourceTree = "<group>";
		};
		63508D321C62863800CD23D0 /* Thermal */ = {
			isa = PBXGroup;
			children = (
				63508D591C63871E00CD23D0 /* Forms */,
				63508D511C628D8600CD23D0 /* Config */,
				63508D4E1C62870B00CD23D0 /* Controllers */,
				63508D4D1C6286FB00CD23D0 /* Models */,
				63508D4F1C62872400CD23D0 /* Views */,
				63508D361C62863800CD23D0 /* AppDelegate.h */,
				63508D371C62863800CD23D0 /* AppDelegate.m */,
				63508D421C62863800CD23D0 /* Assets.xcassets */,
				63508D471C62863800CD23D0 /* Info.plist */,
				63508D331C62863800CD23D0 /* Supporting Files */,
			);
			path = Thermal;
			sourceTree = "<group>";
		};
		63508D331C62863800CD23D0 /* Supporting Files */ = {
			isa = PBXGroup;
			children = (
				63508D341C62863800CD23D0 /* main.m */,
				63508D501C628D5E00CD23D0 /* Thermal-Prefix.pch */,
			);
			name = "Supporting Files";
			sourceTree = "<group>";
		};
		63508D4D1C6286FB00CD23D0 /* Models */ = {
			isa = PBXGroup;
			children = (
				63856E4C1C68EC6E005873C5 /* THImagenTermica+CoreDataProperties.h */,
				63856E4D1C68EC6E005873C5 /* THImagenTermica+CoreDataProperties.m */,
				63856E4E1C68EC6E005873C5 /* THImagenTermica.h */,
				63856E4F1C68EC6E005873C5 /* THImagenTermica.m */,
				63856E501C68EC6E005873C5 /* THImagenNormal+CoreDataProperties.h */,
				63856E511C68EC6E005873C5 /* THImagenNormal+CoreDataProperties.m */,
				63856E521C68EC6E005873C5 /* THImagenNormal.h */,
				63856E531C68EC6E005873C5 /* THImagenNormal.m */,
				63508DA81C63C17A00CD23D0 /* THEquipoCondicionTermica+CoreDataProperties.h */,
				63508DA91C63C17A00CD23D0 /* THEquipoCondicionTermica+CoreDataProperties.m */,
				63508DAA1C63C17A00CD23D0 /* THEquipoCondicionTermica.h */,
				63508DAB1C63C17A00CD23D0 /* THEquipoCondicionTermica.m */,
				63508DAC1C63C17A00CD23D0 /* THInstalacion+CoreDataProperties.h */,
				63508DAD1C63C17A00CD23D0 /* THInstalacion+CoreDataProperties.m */,
				63508DAE1C63C17A00CD23D0 /* THInstalacion.h */,
				63508DAF1C63C17A00CD23D0 /* THInstalacion.m */,
				63508DB01C63C17A00CD23D0 /* THEquipo+CoreDataProperties.h */,
				63508DB11C63C17A00CD23D0 /* THEquipo+CoreDataProperties.m */,
				63508DB21C63C17A00CD23D0 /* THEquipo.h */,
				63508DB31C63C17A00CD23D0 /* THEquipo.m */,
				63508D3F1C62863800CD23D0 /* Thermal.xcdatamodeld */,
				63856E461C68DF52005873C5 /* THImagenTransformer.h */,
				63856E471C68DF52005873C5 /* THImagenTransformer.m */,
			);
			name = Models;
			sourceTree = "<group>";
		};
		63508D4E1C62870B00CD23D0 /* Controllers */ = {
			isa = PBXGroup;
			children = (
				63508D5A1C63874B00CD23D0 /* THInstalacionFomViewController.h */,
				63508D5B1C63874B00CD23D0 /* THInstalacionFomViewController.m */,
				63508D531C6293F100CD23D0 /* THInstalacionesTableViewController.h */,
				63508D541C6293F100CD23D0 /* THInstalacionesTableViewController.m */,
				63508D871C63B96300CD23D0 /* THInstalacionDetalleTableViewController.h */,
				63508D881C63B96400CD23D0 /* THInstalacionDetalleTableViewController.m */,
				63508DCC1C63D51B00CD23D0 /* THEquipoFormViewController.h */,
				63508DCD1C63D51B00CD23D0 /* THEquipoFormViewController.m */,
				63508DD21C64121400CD23D0 /* THEquipoCondicionTermicaTableViewController.h */,
				63508DD31C64121400CD23D0 /* THEquipoCondicionTermicaTableViewController.m */,
				63508DD81C6419F600CD23D0 /* THEquipoCondicionTermicaViewController.h */,
				63508DD91C6419F600CD23D0 /* THEquipoCondicionTermicaViewController.m */,
				6368967F1C66C35E008AF28B /* THEquipoTableViewController.h */,
				636896801C66C35E008AF28B /* THEquipoTableViewController.m */,
				63856E641C6916E2005873C5 /* THImagenViewController.h */,
				63856E651C6916E2005873C5 /* THImagenViewController.m */,
				63856E671C692217005873C5 /* THEditarEquipoCondicionTermicaTableViewController.h */,
				63856E681C692217005873C5 /* THEditarEquipoCondicionTermicaTableViewController.m */,
			);
			name = Controllers;
			sourceTree = "<group>";
		};
		63508D4F1C62872400CD23D0 /* Views */ = {
			isa = PBXGroup;
			children = (
				63856E5B1C68FCD2005873C5 /* THEquipoImagenTermicaTableViewCell.h */,
				63856E5C1C68FCD2005873C5 /* THEquipoImagenTermicaTableViewCell.m */,
				63508D3C1C62863800CD23D0 /* Main.storyboard */,
				63508D441C62863800CD23D0 /* LaunchScreen.storyboard */,
				63508DC61C63CB4E00CD23D0 /* THEquipoTableViewCell.h */,
				63508DC71C63CB4E00CD23D0 /* THEquipoTableViewCell.m */,
				63856E3D1C6788FF005873C5 /* THEquipoImagenTableViewCell.h */,
				63856E3E1C6788FF005873C5 /* THEquipoImagenTableViewCell.m */,
				63856E401C6789E3005873C5 /* THEquipoImagenCollectionView.h */,
				63856E411C6789E3005873C5 /* THEquipoImagenCollectionView.m */,
				63856E431C68DABE005873C5 /* THEquipoImagenCollectionViewCell.h */,
				63856E441C68DABE005873C5 /* THEquipoImagenCollectionViewCell.m */,
				63856E5E1C690150005873C5 /* THEquipoImagenTermicaCollectionView.h */,
				63856E5F1C690150005873C5 /* THEquipoImagenTermicaCollectionView.m */,
				63856E611C690264005873C5 /* THEquipoImagenTermicaCollectionViewCell.h */,
				63856E621C690264005873C5 /* THEquipoImagenTermicaCollectionViewCell.m */,
			);
			name = Views;
			sourceTree = "<group>";
		};
		63508D511C628D8600CD23D0 /* Config */ = {
			isa = PBXGroup;
			children = (
				63508D521C628DA200CD23D0 /* THApi.h */,
			);
			name = Config;
			sourceTree = "<group>";
		};
		63508D591C63871E00CD23D0 /* Forms */ = {
			isa = PBXGroup;
			children = (
				63508D691C63885500CD23D0 /* THInstalacionForm.h */,
				63508D6A1C63885500CD23D0 /* THInstalacionForm.m */,
				63508DCF1C63DA4200CD23D0 /* THEquipoForm.h */,
				63508DD01C63DA4200CD23D0 /* THEquipoForm.m */,
				63508DD51C64196400CD23D0 /* THEquipoCondicionTermicaForm.h */,
				63508DD61C64196400CD23D0 /* THEquipoCondicionTermicaForm.m */,
			);
			name = Forms;
			sourceTree = "<group>";
		};
		9EE2A71842F52AFDBB9F499A /* Pods */ = {
			isa = PBXGroup;
			children = (
				EFCFEFCD52A4F4012EAB434D /* Pods-Thermal.debug.xcconfig */,
				0A57CE4EC525B25C2D5AEB27 /* Pods-Thermal.release.xcconfig */,
			);
			name = Pods;
			sourceTree = "<group>";
		};
/* End PBXGroup section */

/* Begin PBXNativeTarget section */
		63508D2F1C62863800CD23D0 /* Thermal */ = {
			isa = PBXNativeTarget;
			buildConfigurationList = 63508D4A1C62863800CD23D0 /* Build configuration list for PBXNativeTarget "Thermal" */;
			buildPhases = (
				3A396FDE5F19F9EEE5DD7BA9 /* Check Pods Manifest.lock */,
				63508D2C1C62863800CD23D0 /* Sources */,
				63508D2D1C62863800CD23D0 /* Frameworks */,
				63508D2E1C62863800CD23D0 /* Resources */,
				3E0C01F96DC63F009F6E72DB /* Copy Pods Resources */,
			);
			buildRules = (
			);
			dependencies = (
			);
			name = Thermal;
			productName = Thermal;
			productReference = 63508D301C62863800CD23D0 /* Thermal.app */;
			productType = "com.apple.product-type.application";
		};
/* End PBXNativeTarget section */

/* Begin PBXProject section */
		63508D281C62863800CD23D0 /* Project object */ = {
			isa = PBXProject;
			attributes = {
				CLASSPREFIX = TH;
				LastUpgradeCheck = 0820;
				ORGANIZATIONNAME = mancoltda;
				TargetAttributes = {
					63508D2F1C62863800CD23D0 = {
						CreatedOnToolsVersion = 7.2;
						DevelopmentTeam = 2J5EDX66JL;
					};
				};
			};
			buildConfigurationList = 63508D2B1C62863800CD23D0 /* Build configuration list for PBXProject "Thermal" */;
			compatibilityVersion = "Xcode 3.2";
			developmentRegion = English;
			hasScannedForEncodings = 0;
			knownRegions = (
				en,
				Base,
			);
			mainGroup = 63508D271C62863800CD23D0;
			productRefGroup = 63508D311C62863800CD23D0 /* Products */;
			projectDirPath = "";
			projectRoot = "";
			targets = (
				63508D2F1C62863800CD23D0 /* Thermal */,
			);
		};
/* End PBXProject section */

/* Begin PBXResourcesBuildPhase section */
		63508D2E1C62863800CD23D0 /* Resources */ = {
			isa = PBXResourcesBuildPhase;
			buildActionMask = 2147483647;
			files = (
				63508D461C62863800CD23D0 /* LaunchScreen.storyboard in Resources */,
				63508D431C62863800CD23D0 /* Assets.xcassets in Resources */,
				63508D3E1C62863800CD23D0 /* Main.storyboard in Resources */,
			);
			runOnlyForDeploymentPostprocessing = 0;
		};
/* End PBXResourcesBuildPhase section */

/* Begin PBXShellScriptBuildPhase section */
		3A396FDE5F19F9EEE5DD7BA9 /* Check Pods Manifest.lock */ = {
			isa = PBXShellScriptBuildPhase;
			buildActionMask = 2147483647;
			files = (
			);
			inputPaths = (
			);
			name = "Check Pods Manifest.lock";
			outputPaths = (
			);
			runOnlyForDeploymentPostprocessing = 0;
			shellPath = /bin/sh;
			shellScript = "diff \"${PODS_ROOT}/../Podfile.lock\" \"${PODS_ROOT}/Manifest.lock\" > /dev/null\nif [[ $? != 0 ]] ; then\n    cat << EOM\nerror: The sandbox is not in sync with the Podfile.lock. Run 'pod install' or update your CocoaPods installation.\nEOM\n    exit 1\nfi\n";
			showEnvVarsInLog = 0;
		};
		3E0C01F96DC63F009F6E72DB /* Copy Pods Resources */ = {
			isa = PBXShellScriptBuildPhase;
			buildActionMask = 2147483647;
			files = (
			);
			inputPaths = (
			);
			name = "Copy Pods Resources";
			outputPaths = (
			);
			runOnlyForDeploymentPostprocessing = 0;
			shellPath = /bin/sh;
			shellScript = "\"${SRCROOT}/Pods/Target Support Files/Pods-Thermal/Pods-Thermal-resources.sh\"\n";
			showEnvVarsInLog = 0;
		};
/* End PBXShellScriptBuildPhase section */

/* Begin PBXSourcesBuildPhase section */
		63508D2C1C62863800CD23D0 /* Sources */ = {
			isa = PBXSourcesBuildPhase;
			buildActionMask = 2147483647;
			files = (
				63508D411C62863800CD23D0 /* Thermal.xcdatamodeld in Sources */,
				63856E691C692217005873C5 /* THEditarEquipoCondicionTermicaTableViewController.m in Sources */,
				63508DD11C63DA4200CD23D0 /* THEquipoForm.m in Sources */,
				63856E3F1C6788FF005873C5 /* THEquipoImagenTableViewCell.m in Sources */,
				63508DC01C63C17A00CD23D0 /* THEquipo+CoreDataProperties.m in Sources */,
				63508DD71C64196400CD23D0 /* THEquipoCondicionTermicaForm.m in Sources */,
				63856E571C68EC6E005873C5 /* THImagenNormal.m in Sources */,
				63856E451C68DABE005873C5 /* THEquipoImagenCollectionViewCell.m in Sources */,
				63856E551C68EC6E005873C5 /* THImagenTermica.m in Sources */,
				636896811C66C35E008AF28B /* THEquipoTableViewController.m in Sources */,
				63508DC11C63C17A00CD23D0 /* THEquipo.m in Sources */,
				63508DDA1C6419F600CD23D0 /* THEquipoCondicionTermicaViewController.m in Sources */,
				63856E631C690264005873C5 /* THEquipoImagenTermicaCollectionViewCell.m in Sources */,
				63508DC81C63CB4E00CD23D0 /* THEquipoTableViewCell.m in Sources */,
				63508D381C62863800CD23D0 /* AppDelegate.m in Sources */,
				63508DBC1C63C17A00CD23D0 /* THEquipoCondicionTermica+CoreDataProperties.m in Sources */,
				63856E561C68EC6E005873C5 /* THImagenNormal+CoreDataProperties.m in Sources */,
				63508DBF1C63C17A00CD23D0 /* THInstalacion.m in Sources */,
				63508D891C63B96400CD23D0 /* THInstalacionDetalleTableViewController.m in Sources */,
				63856E481C68DF52005873C5 /* THImagenTransformer.m in Sources */,
				63856E541C68EC6E005873C5 /* THImagenTermica+CoreDataProperties.m in Sources */,
				63508DD41C64121400CD23D0 /* THEquipoCondicionTermicaTableViewController.m in Sources */,
				63508DBE1C63C17A00CD23D0 /* THInstalacion+CoreDataProperties.m in Sources */,
				63856E5D1C68FCD2005873C5 /* THEquipoImagenTermicaTableViewCell.m in Sources */,
				63856E421C6789E3005873C5 /* THEquipoImagenCollectionView.m in Sources */,
				63508D5C1C63874B00CD23D0 /* THInstalacionFomViewController.m in Sources */,
				63856E601C690150005873C5 /* THEquipoImagenTermicaCollectionView.m in Sources */,
				63508D351C62863800CD23D0 /* main.m in Sources */,
				63508D6B1C63885500CD23D0 /* THInstalacionForm.m in Sources */,
				63508DCE1C63D51B00CD23D0 /* THEquipoFormViewController.m in Sources */,
				63508D551C6293F100CD23D0 /* THInstalacionesTableViewController.m in Sources */,
				63508DBD1C63C17A00CD23D0 /* THEquipoCondicionTermica.m in Sources */,
				63856E661C6916E2005873C5 /* THImagenViewController.m in Sources */,
			);
			runOnlyForDeploymentPostprocessing = 0;
		};
/* End PBXSourcesBuildPhase section */

/* Begin PBXVariantGroup section */
		63508D3C1C62863800CD23D0 /* Main.storyboard */ = {
			isa = PBXVariantGroup;
			children = (
				63508D3D1C62863800CD23D0 /* Base */,
			);
			name = Main.storyboard;
			sourceTree = "<group>";
		};
		63508D441C62863800CD23D0 /* LaunchScreen.storyboard */ = {
			isa = PBXVariantGroup;
			children = (
				63508D451C62863800CD23D0 /* Base */,
			);
			name = LaunchScreen.storyboard;
			sourceTree = "<group>";
		};
/* End PBXVariantGroup section */

/* Begin XCBuildConfiguration section */
		63508D481C62863800CD23D0 /* Debug */ = {
			isa = XCBuildConfiguration;
			buildSettings = {
				ALWAYS_SEARCH_USER_PATHS = NO;
				CLANG_CXX_LANGUAGE_STANDARD = "gnu++0x";
				CLANG_CXX_LIBRARY = "libc++";
				CLANG_ENABLE_MODULES = YES;
				CLANG_ENABLE_OBJC_ARC = YES;
				CLANG_WARN_BOOL_CONVERSION = YES;
				CLANG_WARN_CONSTANT_CONVERSION = YES;
				CLANG_WARN_DIRECT_OBJC_ISA_USAGE = YES_ERROR;
				CLANG_WARN_EMPTY_BODY = YES;
				CLANG_WARN_ENUM_CONVERSION = YES;
				CLANG_WARN_INFINITE_RECURSION = YES;
				CLANG_WARN_INT_CONVERSION = YES;
				CLANG_WARN_OBJC_ROOT_CLASS = YES_ERROR;
				CLANG_WARN_SUSPICIOUS_MOVE = YES;
				CLANG_WARN_UNREACHABLE_CODE = YES;
				CLANG_WARN__DUPLICATE_METHOD_MATCH = YES;
				"CODE_SIGN_IDENTITY[sdk=iphoneos*]" = "iPhone Developer";
				COPY_PHASE_STRIP = NO;
				DEBUG_INFORMATION_FORMAT = dwarf;
				ENABLE_STRICT_OBJC_MSGSEND = YES;
				ENABLE_TESTABILITY = YES;
				GCC_C_LANGUAGE_STANDARD = gnu99;
				GCC_DYNAMIC_NO_PIC = NO;
				GCC_NO_COMMON_BLOCKS = YES;
				GCC_OPTIMIZATION_LEVEL = 0;
				GCC_PREPROCESSOR_DEFINITIONS = (
					"DEBUG=1",
					"$(inherited)",
				);
				GCC_WARN_64_TO_32_BIT_CONVERSION = YES;
				GCC_WARN_ABOUT_RETURN_TYPE = YES_ERROR;
				GCC_WARN_UNDECLARED_SELECTOR = YES;
				GCC_WARN_UNINITIALIZED_AUTOS = YES_AGGRESSIVE;
				GCC_WARN_UNUSED_FUNCTION = YES;
				GCC_WARN_UNUSED_VARIABLE = YES;
				IPHONEOS_DEPLOYMENT_TARGET = 9.2;
				MTL_ENABLE_DEBUG_INFO = YES;
				ONLY_ACTIVE_ARCH = YES;
				SDKROOT = iphoneos;
			};
			name = Debug;
		};
		63508D491C62863800CD23D0 /* Release */ = {
			isa = XCBuildConfiguration;
			buildSettings = {
				ALWAYS_SEARCH_USER_PATHS = NO;
				CLANG_CXX_LANGUAGE_STANDARD = "gnu++0x";
				CLANG_CXX_LIBRARY = "libc++";
				CLANG_ENABLE_MODULES = YES;
				CLANG_ENABLE_OBJC_ARC = YES;
				CLANG_WARN_BOOL_CONVERSION = YES;
				CLANG_WARN_CONSTANT_CONVERSION = YES;
				CLANG_WARN_DIRECT_OBJC_ISA_USAGE = YES_ERROR;
				CLANG_WARN_EMPTY_BODY = YES;
				CLANG_WARN_ENUM_CONVERSION = YES;
				CLANG_WARN_INFINITE_RECURSION = YES;
				CLANG_WARN_INT_CONVERSION = YES;
				CLANG_WARN_OBJC_ROOT_CLASS = YES_ERROR;
				CLANG_WARN_SUSPICIOUS_MOVE = YES;
				CLANG_WARN_UNREACHABLE_CODE = YES;
				CLANG_WARN__DUPLICATE_METHOD_MATCH = YES;
				"CODE_SIGN_IDENTITY[sdk=iphoneos*]" = "iPhone Developer";
				COPY_PHASE_STRIP = NO;
				DEBUG_INFORMATION_FORMAT = "dwarf-with-dsym";
				ENABLE_NS_ASSERTIONS = NO;
				ENABLE_STRICT_OBJC_MSGSEND = YES;
				GCC_C_LANGUAGE_STANDARD = gnu99;
				GCC_NO_COMMON_BLOCKS = YES;
				GCC_WARN_64_TO_32_BIT_CONVERSION = YES;
				GCC_WARN_ABOUT_RETURN_TYPE = YES_ERROR;
				GCC_WARN_UNDECLARED_SELECTOR = YES;
				GCC_WARN_UNINITIALIZED_AUTOS = YES_AGGRESSIVE;
				GCC_WARN_UNUSED_FUNCTION = YES;
				GCC_WARN_UNUSED_VARIABLE = YES;
				IPHONEOS_DEPLOYMENT_TARGET = 9.2;
				MTL_ENABLE_DEBUG_INFO = NO;
				SDKROOT = iphoneos;
				VALIDATE_PRODUCT = YES;
			};
			name = Release;
		};
		63508D4B1C62863800CD23D0 /* Debug */ = {
			isa = XCBuildConfiguration;
			baseConfigurationReference = EFCFEFCD52A4F4012EAB434D /* Pods-Thermal.debug.xcconfig */;
			buildSettings = {
				ASSETCATALOG_COMPILER_APPICON_NAME = AppIcon;
				CODE_SIGN_IDENTITY = "iPhone Developer";
				GCC_PRECOMPILE_PREFIX_HEADER = YES;
				GCC_PREFIX_HEADER = "$(PROJECT_DIR)/Thermal/Thermal-Prefix.pch";
				INFOPLIST_FILE = Thermal/Info.plist;
				LD_RUNPATH_SEARCH_PATHS = "$(inherited) @executable_path/Frameworks";
				PRODUCT_BUNDLE_IDENTIFIER = com.mancoltda.Thermal;
				PRODUCT_NAME = "$(TARGET_NAME)";
			};
			name = Debug;
		};
		63508D4C1C62863800CD23D0 /* Release */ = {
			isa = XCBuildConfiguration;
			baseConfigurationReference = 0A57CE4EC525B25C2D5AEB27 /* Pods-Thermal.release.xcconfig */;
			buildSettings = {
				ASSETCATALOG_COMPILER_APPICON_NAME = AppIcon;
				CODE_SIGN_IDENTITY = "iPhone Developer";
				GCC_PRECOMPILE_PREFIX_HEADER = YES;
				GCC_PREFIX_HEADER = "$(PROJECT_DIR)/Thermal/Thermal-Prefix.pch";
				INFOPLIST_FILE = Thermal/Info.plist;
				LD_RUNPATH_SEARCH_PATHS = "$(inherited) @executable_path/Frameworks";
				PRODUCT_BUNDLE_IDENTIFIER = com.mancoltda.Thermal;
				PRODUCT_NAME = "$(TARGET_NAME)";
			};
			name = Release;
		};
/* End XCBuildConfiguration section */

/* Begin XCConfigurationList section */
		63508D2B1C62863800CD23D0 /* Build configuration list for PBXProject "Thermal" */ = {
			isa = XCConfigurationList;
			buildConfigurations = (
				63508D481C62863800CD23D0 /* Debug */,
				63508D491C62863800CD23D0 /* Release */,
			);
			defaultConfigurationIsVisible = 0;
			defaultConfigurationName = Release;
		};
		63508D4A1C62863800CD23D0 /* Build configuration list for PBXNativeTarget "Thermal" */ = {
			isa = XCConfigurationList;
			buildConfigurations = (
				63508D4B1C62863800CD23D0 /* Debug */,
				63508D4C1C62863800CD23D0 /* Release */,
			);
			defaultConfigurationIsVisible = 0;
			defaultConfigurationName = Release;
		};
/* End XCConfigurationList section */

/* Begin XCVersionGroup section */
		63508D3F1C62863800CD23D0 /* Thermal.xcdatamodeld */ = {
			isa = XCVersionGroup;
			children = (
				63508D401C62863800CD23D0 /* Thermal.xcdatamodel */,
			);
			currentVersion = 63508D401C62863800CD23D0 /* Thermal.xcdatamodel */;
			path = Thermal.xcdatamodeld;
			sourceTree = "<group>";
			versionGroupType = wrapper.xcdatamodel;
		};
/* End XCVersionGroup section */
	};
	rootObject = 63508D281C62863800CD23D0 /* Project object */;
}
